
Microsoft Visual Studio Solution File, Format Version 12.00
# Visual Studio Version 17
VisualStudioVersion = 17.2.32630.192
MinimumVisualStudioVersion = 10.0.40219.1
Project("{FAE04EC0-301F-11D3-BF4B-00C04F79EFBC}") = "HelloGit", "HelloGit.csproj", "{02D72F57-B682-48FD-8B1F-9B42541A3C10}"
EndProject
Global
	GlobalSection(SolutionConfigurationPlatforms) = preSolution
		Debug|Any CPU = Debug|Any CPU
		Release|Any CPU = Release|Any CPU
	EndGlobalSection
	GlobalSection(ProjectConfigurationPlatforms) = postSolution
		{02D72F57-B682-48FD-8B1F-9B42541A3C10}.Debug|Any CPU.ActiveCfg = Debug|Any CPU
		{02D72F57-B682-48FD-8B1F-9B42541A3C10}.Debug|Any CPU.Build.0 = Debug|Any CPU
		{02D72F57-B682-48FD-8B1F-9B42541A3C10}.Release|Any CPU.ActiveCfg = Release|Any CPU
		{02D72F57-B682-48FD-8B1F-9B42541A3C10}.Release|Any CPU.Build.0 = Release|Any CPU
	EndGlobalSection
	GlobalSection(SolutionProperties) = preSolution
		HideSolutionNode = FALSE
	EndGlobalSection
	GlobalSection(ExtensibilityGlobals) = postSolution
		SolutionGuid = {CBB6A3AC-B77D-4BFA-99DC-3C390D302DCE}
	EndGlobalSection
EndGlobal
